// !$*UTF8*$!
{
	archiveVersion = 1;
	classes = {
	};
	objectVersion = 56;
	objects = {

/* Begin PBXBuildFile section */
		4C9B361C2AF3F6C0003FEE75 /* AppTest.swift in Sources */ = {isa = PBXBuildFile; fileRef = 4C9B361B2AF3F6C0003FEE75 /* AppTest.swift */; };
		4CCE59722AF19AE10094A85C /* StandupDetailTests.swift in Sources */ = {isa = PBXBuildFile; fileRef = 4CCE59712AF19AE10094A85C /* StandupDetailTests.swift */; };
		4CE483862AF020430078C342 /* StandupDetail.swift in Sources */ = {isa = PBXBuildFile; fileRef = 4CE483852AF020430078C342 /* StandupDetail.swift */; };
		654A03E72AD9A71F0053C415 /* ComposableArchitecture in Frameworks */ = {isa = PBXBuildFile; productRef = 654A03E62AD9A71F0053C415 /* ComposableArchitecture */; };
		654A03E92AD9A7800053C415 /* StandupsList.swift in Sources */ = {isa = PBXBuildFile; fileRef = 654A03E82AD9A7800053C415 /* StandupsList.swift */; };
		654A03EB2AD9A8B20053C415 /* Models.swift in Sources */ = {isa = PBXBuildFile; fileRef = 654A03EA2AD9A8B20053C415 /* Models.swift */; };
		654A03ED2AD9AE980053C415 /* StandupForm.swift in Sources */ = {isa = PBXBuildFile; fileRef = 654A03EC2AD9AE980053C415 /* StandupForm.swift */; };
		654A03EF2ADAFEF20053C415 /* StandupFormTests.swift in Sources */ = {isa = PBXBuildFile; fileRef = 654A03EE2ADAFEF20053C415 /* StandupFormTests.swift */; };
		654A03F12ADB03D50053C415 /* README.md in Resources */ = {isa = PBXBuildFile; fileRef = 654A03F02ADB03D50053C415 /* README.md */; };
		656445DB2AF1A5380072CF7C /* App.swift in Sources */ = {isa = PBXBuildFile; fileRef = 656445DA2AF1A5380072CF7C /* App.swift */; };
		65A5B63C2AEED2240064DBE1 /* StandupsListTests.swift in Sources */ = {isa = PBXBuildFile; fileRef = 65A5B63B2AEED2240064DBE1 /* StandupsListTests.swift */; };
		65D7ACA22AD9A4A400B2AC9D /* StandupsTCAApp.swift in Sources */ = {isa = PBXBuildFile; fileRef = 65D7ACA12AD9A4A400B2AC9D /* StandupsTCAApp.swift */; };
		65D7ACA62AD9A4A500B2AC9D /* Assets.xcassets in Resources */ = {isa = PBXBuildFile; fileRef = 65D7ACA52AD9A4A500B2AC9D /* Assets.xcassets */; };
		65D7ACA92AD9A4A500B2AC9D /* Preview Assets.xcassets in Resources */ = {isa = PBXBuildFile; fileRef = 65D7ACA82AD9A4A500B2AC9D /* Preview Assets.xcassets */; };
/* End PBXBuildFile section */

/* Begin PBXContainerItemProxy section */
		65D7ACAF2AD9A4A500B2AC9D /* PBXContainerItemProxy */ = {
			isa = PBXContainerItemProxy;
			containerPortal = 65D7AC962AD9A4A400B2AC9D /* Project object */;
			proxyType = 1;
			remoteGlobalIDString = 65D7AC9D2AD9A4A400B2AC9D;
			remoteInfo = StandupsTCA;
		};
/* End PBXContainerItemProxy section */

/* Begin PBXFileReference section */
		4C9B361B2AF3F6C0003FEE75 /* AppTest.swift */ = {isa = PBXFileReference; lastKnownFileType = sourcecode.swift; path = AppTest.swift; sourceTree = "<group>"; };
		4CCE59712AF19AE10094A85C /* StandupDetailTests.swift */ = {isa = PBXFileReference; lastKnownFileType = sourcecode.swift; path = StandupDetailTests.swift; sourceTree = "<group>"; };
		4CE483852AF020430078C342 /* StandupDetail.swift */ = {isa = PBXFileReference; lastKnownFileType = sourcecode.swift; path = StandupDetail.swift; sourceTree = "<group>"; };
		654A03E82AD9A7800053C415 /* StandupsList.swift */ = {isa = PBXFileReference; lastKnownFileType = sourcecode.swift; path = StandupsList.swift; sourceTree = "<group>"; };
		654A03EA2AD9A8B20053C415 /* Models.swift */ = {isa = PBXFileReference; lastKnownFileType = sourcecode.swift; path = Models.swift; sourceTree = "<group>"; };
		654A03EC2AD9AE980053C415 /* StandupForm.swift */ = {isa = PBXFileReference; lastKnownFileType = sourcecode.swift; path = StandupForm.swift; sourceTree = "<group>"; };
		654A03EE2ADAFEF20053C415 /* StandupFormTests.swift */ = {isa = PBXFileReference; lastKnownFileType = sourcecode.swift; path = StandupFormTests.swift; sourceTree = "<group>"; };
		654A03F02ADB03D50053C415 /* README.md */ = {isa = PBXFileReference; lastKnownFileType = net.daringfireball.markdown; path = README.md; sourceTree = "<group>"; };
		656445DA2AF1A5380072CF7C /* App.swift */ = {isa = PBXFileReference; lastKnownFileType = sourcecode.swift; path = App.swift; sourceTree = "<group>"; };
		65A5B63B2AEED2240064DBE1 /* StandupsListTests.swift */ = {isa = PBXFileReference; lastKnownFileType = sourcecode.swift; path = StandupsListTests.swift; sourceTree = "<group>"; };
		65D7AC9E2AD9A4A400B2AC9D /* StandupsTCA.app */ = {isa = PBXFileReference; explicitFileType = wrapper.application; includeInIndex = 0; path = StandupsTCA.app; sourceTree = BUILT_PRODUCTS_DIR; };
		65D7ACA12AD9A4A400B2AC9D /* StandupsTCAApp.swift */ = {isa = PBXFileReference; lastKnownFileType = sourcecode.swift; path = StandupsTCAApp.swift; sourceTree = "<group>"; };
		65D7ACA52AD9A4A500B2AC9D /* Assets.xcassets */ = {isa = PBXFileReference; lastKnownFileType = folder.assetcatalog; path = Assets.xcassets; sourceTree = "<group>"; };
		65D7ACA82AD9A4A500B2AC9D /* Preview Assets.xcassets */ = {isa = PBXFileReference; lastKnownFileType = folder.assetcatalog; path = "Preview Assets.xcassets"; sourceTree = "<group>"; };
		65D7ACAE2AD9A4A500B2AC9D /* StandupsTCATests.xctest */ = {isa = PBXFileReference; explicitFileType = wrapper.cfbundle; includeInIndex = 0; path = StandupsTCATests.xctest; sourceTree = BUILT_PRODUCTS_DIR; };
		65D7ACCB2AD9A4CD00B2AC9D /* StandupsTCA.xctestplan */ = {isa = PBXFileReference; lastKnownFileType = text; path = StandupsTCA.xctestplan; sourceTree = "<group>"; };
/* End PBXFileReference section */

/* Begin PBXFrameworksBuildPhase section */
		65D7AC9B2AD9A4A400B2AC9D /* Frameworks */ = {
			isa = PBXFrameworksBuildPhase;
			buildActionMask = 2147483647;
			files = (
				654A03E72AD9A71F0053C415 /* ComposableArchitecture in Frameworks */,
			);
			runOnlyForDeploymentPostprocessing = 0;
		};
		65D7ACAB2AD9A4A500B2AC9D /* Frameworks */ = {
			isa = PBXFrameworksBuildPhase;
			buildActionMask = 2147483647;
			files = (
			);
			runOnlyForDeploymentPostprocessing = 0;
		};
/* End PBXFrameworksBuildPhase section */

/* Begin PBXGroup section */
		65D7AC952AD9A4A400B2AC9D = {
			isa = PBXGroup;
			children = (
				654A03F02ADB03D50053C415 /* README.md */,
				65D7ACCB2AD9A4CD00B2AC9D /* StandupsTCA.xctestplan */,
				65D7ACA02AD9A4A400B2AC9D /* StandupsTCA */,
				65D7ACB12AD9A4A500B2AC9D /* StandupsTCATests */,
				65D7AC9F2AD9A4A400B2AC9D /* Products */,
			);
			sourceTree = "<group>";
		};
		65D7AC9F2AD9A4A400B2AC9D /* Products */ = {
			isa = PBXGroup;
			children = (
				65D7AC9E2AD9A4A400B2AC9D /* StandupsTCA.app */,
				65D7ACAE2AD9A4A500B2AC9D /* StandupsTCATests.xctest */,
			);
			name = Products;
			sourceTree = "<group>";
		};
		65D7ACA02AD9A4A400B2AC9D /* StandupsTCA */ = {
			isa = PBXGroup;
			children = (
				65D7ACA12AD9A4A400B2AC9D /* StandupsTCAApp.swift */,
				656445DA2AF1A5380072CF7C /* App.swift */,
				654A03E82AD9A7800053C415 /* StandupsList.swift */,
				654A03EC2AD9AE980053C415 /* StandupForm.swift */,
				4CE483852AF020430078C342 /* StandupDetail.swift */,
				654A03EA2AD9A8B20053C415 /* Models.swift */,
				65D7ACA52AD9A4A500B2AC9D /* Assets.xcassets */,
				65D7ACA72AD9A4A500B2AC9D /* Preview Content */,
			);
			path = StandupsTCA;
			sourceTree = "<group>";
		};
		65D7ACA72AD9A4A500B2AC9D /* Preview Content */ = {
			isa = PBXGroup;
			children = (
				65D7ACA82AD9A4A500B2AC9D /* Preview Assets.xcassets */,
			);
			path = "Preview Content";
			sourceTree = "<group>";
		};
		65D7ACB12AD9A4A500B2AC9D /* StandupsTCATests */ = {
			isa = PBXGroup;
			children = (
				4CCE59712AF19AE10094A85C /* StandupDetailTests.swift */,
				654A03EE2ADAFEF20053C415 /* StandupFormTests.swift */,
				65A5B63B2AEED2240064DBE1 /* StandupsListTests.swift */,
				4C9B361B2AF3F6C0003FEE75 /* AppTest.swift */,
			);
			path = StandupsTCATests;
			sourceTree = "<group>";
		};
/* End PBXGroup section */

/* Begin PBXNativeTarget section */
		65D7AC9D2AD9A4A400B2AC9D /* StandupsTCA */ = {
			isa = PBXNativeTarget;
			buildConfigurationList = 65D7ACC22AD9A4A600B2AC9D /* Build configuration list for PBXNativeTarget "StandupsTCA" */;
			buildPhases = (
				65D7AC9A2AD9A4A400B2AC9D /* Sources */,
				65D7AC9B2AD9A4A400B2AC9D /* Frameworks */,
				65D7AC9C2AD9A4A400B2AC9D /* Resources */,
			);
			buildRules = (
			);
			dependencies = (
			);
			name = StandupsTCA;
			packageProductDependencies = (
				654A03E62AD9A71F0053C415 /* ComposableArchitecture */,
			);
			productName = StandupsTCA;
			productReference = 65D7AC9E2AD9A4A400B2AC9D /* StandupsTCA.app */;
			productType = "com.apple.product-type.application";
		};
		65D7ACAD2AD9A4A500B2AC9D /* StandupsTCATests */ = {
			isa = PBXNativeTarget;
			buildConfigurationList = 65D7ACC52AD9A4A600B2AC9D /* Build configuration list for PBXNativeTarget "StandupsTCATests" */;
			buildPhases = (
				65D7ACAA2AD9A4A500B2AC9D /* Sources */,
				65D7ACAB2AD9A4A500B2AC9D /* Frameworks */,
				65D7ACAC2AD9A4A500B2AC9D /* Resources */,
			);
			buildRules = (
			);
			dependencies = (
				65D7ACB02AD9A4A500B2AC9D /* PBXTargetDependency */,
			);
			name = StandupsTCATests;
			productName = StandupsTCATests;
			productReference = 65D7ACAE2AD9A4A500B2AC9D /* StandupsTCATests.xctest */;
			productType = "com.apple.product-type.bundle.unit-test";
		};
/* End PBXNativeTarget section */

/* Begin PBXProject section */
		65D7AC962AD9A4A400B2AC9D /* Project object */ = {
			isa = PBXProject;
			attributes = {
				BuildIndependentTargetsInParallel = 1;
				LastSwiftUpdateCheck = 1500;
				LastUpgradeCheck = 1500;
				TargetAttributes = {
					65D7AC9D2AD9A4A400B2AC9D = {
						CreatedOnToolsVersion = 15.0;
					};
					65D7ACAD2AD9A4A500B2AC9D = {
						CreatedOnToolsVersion = 15.0;
						TestTargetID = 65D7AC9D2AD9A4A400B2AC9D;
					};
				};
			};
			buildConfigurationList = 65D7AC992AD9A4A400B2AC9D /* Build configuration list for PBXProject "StandupsTCA" */;
			compatibilityVersion = "Xcode 14.0";
			developmentRegion = en;
			hasScannedForEncodings = 0;
			knownRegions = (
				en,
				Base,
			);
			mainGroup = 65D7AC952AD9A4A400B2AC9D;
			packageReferences = (
				654A03E52AD9A71F0053C415 /* XCRemoteSwiftPackageReference "swift-composable-architecture" */,
			);
			productRefGroup = 65D7AC9F2AD9A4A400B2AC9D /* Products */;
			projectDirPath = "";
			projectRoot = "";
			targets = (
				65D7AC9D2AD9A4A400B2AC9D /* StandupsTCA */,
				65D7ACAD2AD9A4A500B2AC9D /* StandupsTCATests */,
			);
		};
/* End PBXProject section */

/* Begin PBXResourcesBuildPhase section */
		65D7AC9C2AD9A4A400B2AC9D /* Resources */ = {
			isa = PBXResourcesBuildPhase;
			buildActionMask = 2147483647;
			files = (
				65D7ACA92AD9A4A500B2AC9D /* Preview Assets.xcassets in Resources */,
				65D7ACA62AD9A4A500B2AC9D /* Assets.xcassets in Resources */,
			);
			runOnlyForDeploymentPostprocessing = 0;
		};
		65D7ACAC2AD9A4A500B2AC9D /* Resources */ = {
			isa = PBXResourcesBuildPhase;
			buildActionMask = 2147483647;
			files = (
				654A03F12ADB03D50053C415 /* README.md in Resources */,
			);
			runOnlyForDeploymentPostprocessing = 0;
		};
/* End PBXResourcesBuildPhase section */

/* Begin PBXSourcesBuildPhase section */
		65D7AC9A2AD9A4A400B2AC9D /* Sources */ = {
			isa = PBXSourcesBuildPhase;
			buildActionMask = 2147483647;
			files = (
				654A03EB2AD9A8B20053C415 /* Models.swift in Sources */,
				654A03E92AD9A7800053C415 /* StandupsList.swift in Sources */,
				656445DB2AF1A5380072CF7C /* App.swift in Sources */,
				65D7ACA22AD9A4A400B2AC9D /* StandupsTCAApp.swift in Sources */,
				654A03ED2AD9AE980053C415 /* StandupForm.swift in Sources */,
				4CE483862AF020430078C342 /* StandupDetail.swift in Sources */,
			);
			runOnlyForDeploymentPostprocessing = 0;
		};
		65D7ACAA2AD9A4A500B2AC9D /* Sources */ = {
			isa = PBXSourcesBuildPhase;
			buildActionMask = 2147483647;
			files = (
				654A03EF2ADAFEF20053C415 /* StandupFormTests.swift in Sources */,
				4C9B361C2AF3F6C0003FEE75 /* AppTest.swift in Sources */,
				65A5B63C2AEED2240064DBE1 /* StandupsListTests.swift in Sources */,
				4CCE59722AF19AE10094A85C /* StandupDetailTests.swift in Sources */,
			);
			runOnlyForDeploymentPostprocessing = 0;
		};
/* End PBXSourcesBuildPhase section */

/* Begin PBXTargetDependency section */
		65D7ACB02AD9A4A500B2AC9D /* PBXTargetDependency */ = {
			isa = PBXTargetDependency;
			target = 65D7AC9D2AD9A4A400B2AC9D /* StandupsTCA */;
			targetProxy = 65D7ACAF2AD9A4A500B2AC9D /* PBXContainerItemProxy */;
		};
/* End PBXTargetDependency section */

/* Begin XCBuildConfiguration section */
		65D7ACC02AD9A4A600B2AC9D /* Debug */ = {
			isa = XCBuildConfiguration;
			buildSettings = {
				ALWAYS_SEARCH_USER_PATHS = NO;
				ASSETCATALOG_COMPILER_GENERATE_SWIFT_ASSET_SYMBOL_EXTENSIONS = YES;
				CLANG_ANALYZER_NONNULL = YES;
				CLANG_ANALYZER_NUMBER_OBJECT_CONVERSION = YES_AGGRESSIVE;
				CLANG_CXX_LANGUAGE_STANDARD = "gnu++20";
				CLANG_ENABLE_MODULES = YES;
				CLANG_ENABLE_OBJC_ARC = YES;
				CLANG_ENABLE_OBJC_WEAK = YES;
				CLANG_WARN_BLOCK_CAPTURE_AUTORELEASING = YES;
				CLANG_WARN_BOOL_CONVERSION = YES;
				CLANG_WARN_COMMA = YES;
				CLANG_WARN_CONSTANT_CONVERSION = YES;
				CLANG_WARN_DEPRECATED_OBJC_IMPLEMENTATIONS = YES;
				CLANG_WARN_DIRECT_OBJC_ISA_USAGE = YES_ERROR;
				CLANG_WARN_DOCUMENTATION_COMMENTS = YES;
				CLANG_WARN_EMPTY_BODY = YES;
				CLANG_WARN_ENUM_CONVERSION = YES;
				CLANG_WARN_INFINITE_RECURSION = YES;
				CLANG_WARN_INT_CONVERSION = YES;
				CLANG_WARN_NON_LITERAL_NULL_CONVERSION = YES;
				CLANG_WARN_OBJC_IMPLICIT_RETAIN_SELF = YES;
				CLANG_WARN_OBJC_LITERAL_CONVERSION = YES;
				CLANG_WARN_OBJC_ROOT_CLASS = YES_ERROR;
				CLANG_WARN_QUOTED_INCLUDE_IN_FRAMEWORK_HEADER = YES;
				CLANG_WARN_RANGE_LOOP_ANALYSIS = YES;
				CLANG_WARN_STRICT_PROTOTYPES = YES;
				CLANG_WARN_SUSPICIOUS_MOVE = YES;
				CLANG_WARN_UNGUARDED_AVAILABILITY = YES_AGGRESSIVE;
				CLANG_WARN_UNREACHABLE_CODE = YES;
				CLANG_WARN__DUPLICATE_METHOD_MATCH = YES;
				COPY_PHASE_STRIP = NO;
				DEBUG_INFORMATION_FORMAT = dwarf;
				ENABLE_STRICT_OBJC_MSGSEND = YES;
				ENABLE_TESTABILITY = YES;
				ENABLE_USER_SCRIPT_SANDBOXING = YES;
				GCC_C_LANGUAGE_STANDARD = gnu17;
				GCC_DYNAMIC_NO_PIC = NO;
				GCC_NO_COMMON_BLOCKS = YES;
				GCC_OPTIMIZATION_LEVEL = 0;
				GCC_PREPROCESSOR_DEFINITIONS = (
					"DEBUG=1",
					"$(inherited)",
				);
				GCC_WARN_64_TO_32_BIT_CONVERSION = YES;
				GCC_WARN_ABOUT_RETURN_TYPE = YES_ERROR;
				GCC_WARN_UNDECLARED_SELECTOR = YES;
				GCC_WARN_UNINITIALIZED_AUTOS = YES_AGGRESSIVE;
				GCC_WARN_UNUSED_FUNCTION = YES;
				GCC_WARN_UNUSED_VARIABLE = YES;
				IPHONEOS_DEPLOYMENT_TARGET = 17.0;
				LOCALIZATION_PREFERS_STRING_CATALOGS = YES;
				MTL_ENABLE_DEBUG_INFO = INCLUDE_SOURCE;
				MTL_FAST_MATH = YES;
				ONLY_ACTIVE_ARCH = YES;
				SDKROOT = iphoneos;
				SWIFT_ACTIVE_COMPILATION_CONDITIONS = "DEBUG $(inherited)";
				SWIFT_OPTIMIZATION_LEVEL = "-Onone";
			};
			name = Debug;
		};
		65D7ACC12AD9A4A600B2AC9D /* Release */ = {
			isa = XCBuildConfiguration;
			buildSettings = {
				ALWAYS_SEARCH_USER_PATHS = NO;
				ASSETCATALOG_COMPILER_GENERATE_SWIFT_ASSET_SYMBOL_EXTENSIONS = YES;
				CLANG_ANALYZER_NONNULL = YES;
				CLANG_ANALYZER_NUMBER_OBJECT_CONVERSION = YES_AGGRESSIVE;
				CLANG_CXX_LANGUAGE_STANDARD = "gnu++20";
				CLANG_ENABLE_MODULES = YES;
				CLANG_ENABLE_OBJC_ARC = YES;
				CLANG_ENABLE_OBJC_WEAK = YES;
				CLANG_WARN_BLOCK_CAPTURE_AUTORELEASING = YES;
				CLANG_WARN_BOOL_CONVERSION = YES;
				CLANG_WARN_COMMA = YES;
				CLANG_WARN_CONSTANT_CONVERSION = YES;
				CLANG_WARN_DEPRECATED_OBJC_IMPLEMENTATIONS = YES;
				CLANG_WARN_DIRECT_OBJC_ISA_USAGE = YES_ERROR;
				CLANG_WARN_DOCUMENTATION_COMMENTS = YES;
				CLANG_WARN_EMPTY_BODY = YES;
				CLANG_WARN_ENUM_CONVERSION = YES;
				CLANG_WARN_INFINITE_RECURSION = YES;
				CLANG_WARN_INT_CONVERSION = YES;
				CLANG_WARN_NON_LITERAL_NULL_CONVERSION = YES;
				CLANG_WARN_OBJC_IMPLICIT_RETAIN_SELF = YES;
				CLANG_WARN_OBJC_LITERAL_CONVERSION = YES;
				CLANG_WARN_OBJC_ROOT_CLASS = YES_ERROR;
				CLANG_WARN_QUOTED_INCLUDE_IN_FRAMEWORK_HEADER = YES;
				CLANG_WARN_RANGE_LOOP_ANALYSIS = YES;
				CLANG_WARN_STRICT_PROTOTYPES = YES;
				CLANG_WARN_SUSPICIOUS_MOVE = YES;
				CLANG_WARN_UNGUARDED_AVAILABILITY = YES_AGGRESSIVE;
				CLANG_WARN_UNREACHABLE_CODE = YES;
				CLANG_WARN__DUPLICATE_METHOD_MATCH = YES;
				COPY_PHASE_STRIP = NO;
				DEBUG_INFORMATION_FORMAT = "dwarf-with-dsym";
				ENABLE_NS_ASSERTIONS = NO;
				ENABLE_STRICT_OBJC_MSGSEND = YES;
				ENABLE_USER_SCRIPT_SANDBOXING = YES;
				GCC_C_LANGUAGE_STANDARD = gnu17;
				GCC_NO_COMMON_BLOCKS = YES;
				GCC_WARN_64_TO_32_BIT_CONVERSION = YES;
				GCC_WARN_ABOUT_RETURN_TYPE = YES_ERROR;
				GCC_WARN_UNDECLARED_SELECTOR = YES;
				GCC_WARN_UNINITIALIZED_AUTOS = YES_AGGRESSIVE;
				GCC_WARN_UNUSED_FUNCTION = YES;
				GCC_WARN_UNUSED_VARIABLE = YES;
				IPHONEOS_DEPLOYMENT_TARGET = 17.0;
				LOCALIZATION_PREFERS_STRING_CATALOGS = YES;
				MTL_ENABLE_DEBUG_INFO = NO;
				MTL_FAST_MATH = YES;
				SDKROOT = iphoneos;
				SWIFT_COMPILATION_MODE = wholemodule;
				VALIDATE_PRODUCT = YES;
			};
			name = Release;
		};
		65D7ACC32AD9A4A600B2AC9D /* Debug */ = {
			isa = XCBuildConfiguration;
			buildSettings = {
				ASSETCATALOG_COMPILER_APPICON_NAME = AppIcon;
				ASSETCATALOG_COMPILER_GLOBAL_ACCENT_COLOR_NAME = AccentColor;
				CODE_SIGN_STYLE = Automatic;
				CURRENT_PROJECT_VERSION = 1;
				DEVELOPMENT_ASSET_PATHS = "\"StandupsTCA/Preview Content\"";
				DEVELOPMENT_TEAM = 32W6MR4P46;
				ENABLE_PREVIEWS = YES;
				GENERATE_INFOPLIST_FILE = YES;
				INFOPLIST_KEY_UIApplicationSceneManifest_Generation = YES;
				INFOPLIST_KEY_UIApplicationSupportsIndirectInputEvents = YES;
				INFOPLIST_KEY_UILaunchScreen_Generation = YES;
				INFOPLIST_KEY_UISupportedInterfaceOrientations_iPad = "UIInterfaceOrientationPortrait UIInterfaceOrientationPortraitUpsideDown UIInterfaceOrientationLandscapeLeft UIInterfaceOrientationLandscapeRight";
				INFOPLIST_KEY_UISupportedInterfaceOrientations_iPhone = "UIInterfaceOrientationPortrait UIInterfaceOrientationLandscapeLeft UIInterfaceOrientationLandscapeRight";
				IPHONEOS_DEPLOYMENT_TARGET = 16.0;
				LD_RUNPATH_SEARCH_PATHS = (
					"$(inherited)",
					"@executable_path/Frameworks",
				);
				MARKETING_VERSION = 1.0;
				PRODUCT_BUNDLE_IDENTIFIER = com.danydev.StandupsTCA2;
				PRODUCT_NAME = "$(TARGET_NAME)";
				SWIFT_EMIT_LOC_STRINGS = YES;
				SWIFT_STRICT_CONCURRENCY = complete;
				SWIFT_VERSION = 5.0;
				TARGETED_DEVICE_FAMILY = "1,2";
			};
			name = Debug;
		};
		65D7ACC42AD9A4A600B2AC9D /* Release */ = {
			isa = XCBuildConfiguration;
			buildSettings = {
				ASSETCATALOG_COMPILER_APPICON_NAME = AppIcon;
				ASSETCATALOG_COMPILER_GLOBAL_ACCENT_COLOR_NAME = AccentColor;
				CODE_SIGN_STYLE = Automatic;
				CURRENT_PROJECT_VERSION = 1;
				DEVELOPMENT_ASSET_PATHS = "\"StandupsTCA/Preview Content\"";
				DEVELOPMENT_TEAM = 32W6MR4P46;
				ENABLE_PREVIEWS = YES;
				GENERATE_INFOPLIST_FILE = YES;
				INFOPLIST_KEY_UIApplicationSceneManifest_Generation = YES;
				INFOPLIST_KEY_UIApplicationSupportsIndirectInputEvents = YES;
				INFOPLIST_KEY_UILaunchScreen_Generation = YES;
				INFOPLIST_KEY_UISupportedInterfaceOrientations_iPad = "UIInterfaceOrientationPortrait UIInterfaceOrientationPortraitUpsideDown UIInterfaceOrientationLandscapeLeft UIInterfaceOrientationLandscapeRight";
				INFOPLIST_KEY_UISupportedInterfaceOrientations_iPhone = "UIInterfaceOrientationPortrait UIInterfaceOrientationLandscapeLeft UIInterfaceOrientationLandscapeRight";
				IPHONEOS_DEPLOYMENT_TARGET = 16.0;
				LD_RUNPATH_SEARCH_PATHS = (
					"$(inherited)",
					"@executable_path/Frameworks",
				);
				MARKETING_VERSION = 1.0;
				PRODUCT_BUNDLE_IDENTIFIER = com.danydev.StandupsTCA2;
				PRODUCT_NAME = "$(TARGET_NAME)";
				SWIFT_EMIT_LOC_STRINGS = YES;
				SWIFT_STRICT_CONCURRENCY = complete;
				SWIFT_VERSION = 5.0;
				TARGETED_DEVICE_FAMILY = "1,2";
			};
			name = Release;
		};
		65D7ACC62AD9A4A600B2AC9D /* Debug */ = {
			isa = XCBuildConfiguration;
			buildSettings = {
				ALWAYS_EMBED_SWIFT_STANDARD_LIBRARIES = YES;
				BUNDLE_LOADER = "$(TEST_HOST)";
				CODE_SIGN_STYLE = Automatic;
				CURRENT_PROJECT_VERSION = 1;
				DEVELOPMENT_TEAM = 32W6MR4P46;
				GENERATE_INFOPLIST_FILE = YES;
				IPHONEOS_DEPLOYMENT_TARGET = 16.0;
				MARKETING_VERSION = 1.0;
				PRODUCT_BUNDLE_IDENTIFIER = com.danydev.StandupsTCATests;
				PRODUCT_NAME = "$(TARGET_NAME)";
				SWIFT_EMIT_LOC_STRINGS = NO;
				SWIFT_VERSION = 5.0;
				TARGETED_DEVICE_FAMILY = "1,2";
				TEST_HOST = "$(BUILT_PRODUCTS_DIR)/StandupsTCA.app/$(BUNDLE_EXECUTABLE_FOLDER_PATH)/StandupsTCA";
			};
			name = Debug;
		};
		65D7ACC72AD9A4A600B2AC9D /* Release */ = {
			isa = XCBuildConfiguration;
			buildSettings = {
				ALWAYS_EMBED_SWIFT_STANDARD_LIBRARIES = YES;
				BUNDLE_LOADER = "$(TEST_HOST)";
				CODE_SIGN_STYLE = Automatic;
				CURRENT_PROJECT_VERSION = 1;
				DEVELOPMENT_TEAM = 32W6MR4P46;
				GENERATE_INFOPLIST_FILE = YES;
				IPHONEOS_DEPLOYMENT_TARGET = 16.0;
				MARKETING_VERSION = 1.0;
				PRODUCT_BUNDLE_IDENTIFIER = com.danydev.StandupsTCATests;
				PRODUCT_NAME = "$(TARGET_NAME)";
				SWIFT_EMIT_LOC_STRINGS = NO;
				SWIFT_VERSION = 5.0;
				TARGETED_DEVICE_FAMILY = "1,2";
				TEST_HOST = "$(BUILT_PRODUCTS_DIR)/StandupsTCA.app/$(BUNDLE_EXECUTABLE_FOLDER_PATH)/StandupsTCA";
			};
			name = Release;
		};
/* End XCBuildConfiguration section */

/* Begin XCConfigurationList section */
		65D7AC992AD9A4A400B2AC9D /* Build configuration list for PBXProject "StandupsTCA" */ = {
			isa = XCConfigurationList;
			buildConfigurations = (
				65D7ACC02AD9A4A600B2AC9D /* Debug */,
				65D7ACC12AD9A4A600B2AC9D /* Release */,
			);
			defaultConfigurationIsVisible = 0;
			defaultConfigurationName = Release;
		};
		65D7ACC22AD9A4A600B2AC9D /* Build configuration list for PBXNativeTarget "StandupsTCA" */ = {
			isa = XCConfigurationList;
			buildConfigurations = (
				65D7ACC32AD9A4A600B2AC9D /* Debug */,
				65D7ACC42AD9A4A600B2AC9D /* Release */,
			);
			defaultConfigurationIsVisible = 0;
			defaultConfigurationName = Release;
		};
		65D7ACC52AD9A4A600B2AC9D /* Build configuration list for PBXNativeTarget "StandupsTCATests" */ = {
			isa = XCConfigurationList;
			buildConfigurations = (
				65D7ACC62AD9A4A600B2AC9D /* Debug */,
				65D7ACC72AD9A4A600B2AC9D /* Release */,
			);
			defaultConfigurationIsVisible = 0;
			defaultConfigurationName = Release;
		};
/* End XCConfigurationList section */

/* Begin XCRemoteSwiftPackageReference section */
		654A03E52AD9A71F0053C415 /* XCRemoteSwiftPackageReference "swift-composable-architecture" */ = {
			isa = XCRemoteSwiftPackageReference;
			repositoryURL = "https://github.com/pointfreeco/swift-composable-architecture";
			requirement = {
				kind = upToNextMajorVersion;
				minimumVersion = 1.2.0;
			};
		};
/* End XCRemoteSwiftPackageReference section */

/* Begin XCSwiftPackageProductDependency section */
		654A03E62AD9A71F0053C415 /* ComposableArchitecture */ = {
			isa = XCSwiftPackageProductDependency;
			package = 654A03E52AD9A71F0053C415 /* XCRemoteSwiftPackageReference "swift-composable-architecture" */;
			productName = ComposableArchitecture;
		};
/* End XCSwiftPackageProductDependency section */
	};
	rootObject = 65D7AC962AD9A4A400B2AC9D /* Project object */;
}
